// !$*UTF8*$!
{
	archiveVersion = 1;
	classes = {
	};
	objectVersion = 48;
	objects = {

/* Begin PBXBuildFile section */
		0DBC2AF121A827CF004FA9F8 /* FastRouteErrorViewController.m in Sources */ = {isa = PBXBuildFile; fileRef = 0DBC2AF021A827CF004FA9F8 /* FastRouteErrorViewController.m */; };
		0DBC2AF521A8347F004FA9F8 /* errorImage.png in Resources */ = {isa = PBXBuildFile; fileRef = 0DBC2AF421A8347F004FA9F8 /* errorImage.png */; };
		0DE1D71C216CB7AA00C0F87A /* GJDetailViewController.m in Sources */ = {isa = PBXBuildFile; fileRef = 0DE1D71B216CB7AA00C0F87A /* GJDetailViewController.m */; };
		4839524F204C203C003A3819 /* AppDelegate.m in Sources */ = {isa = PBXBuildFile; fileRef = 4839524E204C203C003A3819 /* AppDelegate.m */; };
		48395252204C203C003A3819 /* ViewController.m in Sources */ = {isa = PBXBuildFile; fileRef = 48395251204C203C003A3819 /* ViewController.m */; };
		48395255204C203C003A3819 /* Main.storyboard in Resources */ = {isa = PBXBuildFile; fileRef = 48395253204C203C003A3819 /* Main.storyboard */; };
		48395257204C203C003A3819 /* Assets.xcassets in Resources */ = {isa = PBXBuildFile; fileRef = 48395256204C203C003A3819 /* Assets.xcassets */; };
		4839525A204C203C003A3819 /* LaunchScreen.storyboard in Resources */ = {isa = PBXBuildFile; fileRef = 48395258204C203C003A3819 /* LaunchScreen.storyboard */; };
		4839525D204C203C003A3819 /* main.m in Sources */ = {isa = PBXBuildFile; fileRef = 4839525C204C203C003A3819 /* main.m */; };
		48395267204C203C003A3819 /* FasterStoryboardRouteTests.m in Sources */ = {isa = PBXBuildFile; fileRef = 48395266204C203C003A3819 /* FasterStoryboardRouteTests.m */; };
		48395272204C203C003A3819 /* FasterStoryboardRouteUITests.m in Sources */ = {isa = PBXBuildFile; fileRef = 48395271204C203C003A3819 /* FasterStoryboardRouteUITests.m */; };
		48395281204C20A7003A3819 /* HomeViewController.m in Sources */ = {isa = PBXBuildFile; fileRef = 48395280204C20A7003A3819 /* HomeViewController.m */; };
		48395283204C218C003A3819 /* FasterRouteURL.plist in Resources */ = {isa = PBXBuildFile; fileRef = 48395282204C218C003A3819 /* FasterRouteURL.plist */; };
		48395287204C244C003A3819 /* FastRoute.m in Sources */ = {isa = PBXBuildFile; fileRef = 48395286204C244C003A3819 /* FastRoute.m */; };
		4839528D204C3E64003A3819 /* NSObject+ClassProperty.m in Sources */ = {isa = PBXBuildFile; fileRef = 4839528C204C3E64003A3819 /* NSObject+ClassProperty.m */; };
		48395290204D90AB003A3819 /* MeViewController.m in Sources */ = {isa = PBXBuildFile; fileRef = 4839528F204D90AB003A3819 /* MeViewController.m */; };
		48F28DE9208C6B0C001428F2 /* NSDictionary+RouteCategory.m in Sources */ = {isa = PBXBuildFile; fileRef = 48F28DE8208C6B0C001428F2 /* NSDictionary+RouteCategory.m */; };
/* End PBXBuildFile section */

/* Begin PBXContainerItemProxy section */
		48395263204C203C003A3819 /* PBXContainerItemProxy */ = {
			isa = PBXContainerItemProxy;
			containerPortal = 48395242204C203B003A3819 /* Project object */;
			proxyType = 1;
			remoteGlobalIDString = 48395249204C203C003A3819;
			remoteInfo = FasterStoryboardRoute;
		};
		4839526E204C203C003A3819 /* PBXContainerItemProxy */ = {
			isa = PBXContainerItemProxy;
			containerPortal = 48395242204C203B003A3819 /* Project object */;
			proxyType = 1;
			remoteGlobalIDString = 48395249204C203C003A3819;
			remoteInfo = FasterStoryboardRoute;
		};
/* End PBXContainerItemProxy section */

/* Begin PBXFileReference section */
		0DBC2AEF21A827CF004FA9F8 /* FastRouteErrorViewController.h */ = {isa = PBXFileReference; lastKnownFileType = sourcecode.c.h; path = FastRouteErrorViewController.h; sourceTree = "<group>"; };
		0DBC2AF021A827CF004FA9F8 /* FastRouteErrorViewController.m */ = {isa = PBXFileReference; lastKnownFileType = sourcecode.c.objc; path = FastRouteErrorViewController.m; sourceTree = "<group>"; };
		0DBC2AF421A8347F004FA9F8 /* errorImage.png */ = {isa = PBXFileReference; lastKnownFileType = image.png; path = errorImage.png; sourceTree = "<group>"; };
		0DE1D71A216CB7AA00C0F87A /* GJDetailViewController.h */ = {isa = PBXFileReference; lastKnownFileType = sourcecode.c.h; path = GJDetailViewController.h; sourceTree = "<group>"; };
		0DE1D71B216CB7AA00C0F87A /* GJDetailViewController.m */ = {isa = PBXFileReference; lastKnownFileType = sourcecode.c.objc; path = GJDetailViewController.m; sourceTree = "<group>"; };
		4839524A204C203C003A3819 /* FasterStoryboardRoute.app */ = {isa = PBXFileReference; explicitFileType = wrapper.application; includeInIndex = 0; path = FasterStoryboardRoute.app; sourceTree = BUILT_PRODUCTS_DIR; };
		4839524D204C203C003A3819 /* AppDelegate.h */ = {isa = PBXFileReference; lastKnownFileType = sourcecode.c.h; path = AppDelegate.h; sourceTree = "<group>"; };
		4839524E204C203C003A3819 /* AppDelegate.m */ = {isa = PBXFileReference; lastKnownFileType = sourcecode.c.objc; path = AppDelegate.m; sourceTree = "<group>"; };
		48395250204C203C003A3819 /* ViewController.h */ = {isa = PBXFileReference; lastKnownFileType = sourcecode.c.h; path = ViewController.h; sourceTree = "<group>"; };
		48395251204C203C003A3819 /* ViewController.m */ = {isa = PBXFileReference; lastKnownFileType = sourcecode.c.objc; path = ViewController.m; sourceTree = "<group>"; };
		48395254204C203C003A3819 /* Base */ = {isa = PBXFileReference; lastKnownFileType = file.storyboard; name = Base; path = Base.lproj/Main.storyboard; sourceTree = "<group>"; };
		48395256204C203C003A3819 /* Assets.xcassets */ = {isa = PBXFileReference; lastKnownFileType = folder.assetcatalog; path = Assets.xcassets; sourceTree = "<group>"; };
		48395259204C203C003A3819 /* Base */ = {isa = PBXFileReference; lastKnownFileType = file.storyboard; name = Base; path = Base.lproj/LaunchScreen.storyboard; sourceTree = "<group>"; };
		4839525B204C203C003A3819 /* Info.plist */ = {isa = PBXFileReference; lastKnownFileType = text.plist.xml; path = Info.plist; sourceTree = "<group>"; };
		4839525C204C203C003A3819 /* main.m */ = {isa = PBXFileReference; lastKnownFileType = sourcecode.c.objc; path = main.m; sourceTree = "<group>"; };
		48395262204C203C003A3819 /* FasterStoryboardRouteTests.xctest */ = {isa = PBXFileReference; explicitFileType = wrapper.cfbundle; includeInIndex = 0; path = FasterStoryboardRouteTests.xctest; sourceTree = BUILT_PRODUCTS_DIR; };
		48395266204C203C003A3819 /* FasterStoryboardRouteTests.m */ = {isa = PBXFileReference; lastKnownFileType = sourcecode.c.objc; path = FasterStoryboardRouteTests.m; sourceTree = "<group>"; };
		48395268204C203C003A3819 /* Info.plist */ = {isa = PBXFileReference; lastKnownFileType = text.plist.xml; path = Info.plist; sourceTree = "<group>"; };
		4839526D204C203C003A3819 /* FasterStoryboardRouteUITests.xctest */ = {isa = PBXFileReference; explicitFileType = wrapper.cfbundle; includeInIndex = 0; path = FasterStoryboardRouteUITests.xctest; sourceTree = BUILT_PRODUCTS_DIR; };
		48395271204C203C003A3819 /* FasterStoryboardRouteUITests.m */ = {isa = PBXFileReference; lastKnownFileType = sourcecode.c.objc; path = FasterStoryboardRouteUITests.m; sourceTree = "<group>"; };
		48395273204C203C003A3819 /* Info.plist */ = {isa = PBXFileReference; lastKnownFileType = text.plist.xml; path = Info.plist; sourceTree = "<group>"; };
		4839527F204C20A7003A3819 /* HomeViewController.h */ = {isa = PBXFileReference; lastKnownFileType = sourcecode.c.h; path = HomeViewController.h; sourceTree = "<group>"; };
		48395280204C20A7003A3819 /* HomeViewController.m */ = {isa = PBXFileReference; lastKnownFileType = sourcecode.c.objc; path = HomeViewController.m; sourceTree = "<group>"; };
		48395282204C218C003A3819 /* FasterRouteURL.plist */ = {isa = PBXFileReference; lastKnownFileType = text.plist.xml; path = FasterRouteURL.plist; sourceTree = "<group>"; };
		48395285204C244C003A3819 /* FastRoute.h */ = {isa = PBXFileReference; lastKnownFileType = sourcecode.c.h; path = FastRoute.h; sourceTree = "<group>"; };
		48395286204C244C003A3819 /* FastRoute.m */ = {isa = PBXFileReference; lastKnownFileType = sourcecode.c.objc; path = FastRoute.m; sourceTree = "<group>"; };
		4839528B204C3E64003A3819 /* NSObject+ClassProperty.h */ = {isa = PBXFileReference; lastKnownFileType = sourcecode.c.h; path = "NSObject+ClassProperty.h"; sourceTree = "<group>"; };
		4839528C204C3E64003A3819 /* NSObject+ClassProperty.m */ = {isa = PBXFileReference; lastKnownFileType = sourcecode.c.objc; path = "NSObject+ClassProperty.m"; sourceTree = "<group>"; };
		4839528E204D90AB003A3819 /* MeViewController.h */ = {isa = PBXFileReference; lastKnownFileType = sourcecode.c.h; path = MeViewController.h; sourceTree = "<group>"; };
		4839528F204D90AB003A3819 /* MeViewController.m */ = {isa = PBXFileReference; lastKnownFileType = sourcecode.c.objc; path = MeViewController.m; sourceTree = "<group>"; };
		48F28DE7208C6B0C001428F2 /* NSDictionary+RouteCategory.h */ = {isa = PBXFileReference; fileEncoding = 4; lastKnownFileType = sourcecode.c.h; path = "NSDictionary+RouteCategory.h"; sourceTree = "<group>"; };
		48F28DE8208C6B0C001428F2 /* NSDictionary+RouteCategory.m */ = {isa = PBXFileReference; fileEncoding = 4; lastKnownFileType = sourcecode.c.objc; path = "NSDictionary+RouteCategory.m"; sourceTree = "<group>"; };
/* End PBXFileReference section */

/* Begin PBXFrameworksBuildPhase section */
		48395247204C203C003A3819 /* Frameworks */ = {
			isa = PBXFrameworksBuildPhase;
			buildActionMask = 2147483647;
			files = (
			);
			runOnlyForDeploymentPostprocessing = 0;
		};
		4839525F204C203C003A3819 /* Frameworks */ = {
			isa = PBXFrameworksBuildPhase;
			buildActionMask = 2147483647;
			files = (
			);
			runOnlyForDeploymentPostprocessing = 0;
		};
		4839526A204C203C003A3819 /* Frameworks */ = {
			isa = PBXFrameworksBuildPhase;
			buildActionMask = 2147483647;
			files = (
			);
			runOnlyForDeploymentPostprocessing = 0;
		};
/* End PBXFrameworksBuildPhase section */

/* Begin PBXGroup section */
		48395241204C203B003A3819 = {
			isa = PBXGroup;
			children = (
				4839524C204C203C003A3819 /* FasterStoryboardRoute */,
				48395265204C203C003A3819 /* FasterStoryboardRouteTests */,
				48395270204C203C003A3819 /* FasterStoryboardRouteUITests */,
				4839524B204C203C003A3819 /* Products */,
			);
			sourceTree = "<group>";
		};
		4839524B204C203C003A3819 /* Products */ = {
			isa = PBXGroup;
			children = (
				4839524A204C203C003A3819 /* FasterStoryboardRoute.app */,
				48395262204C203C003A3819 /* FasterStoryboardRouteTests.xctest */,
				4839526D204C203C003A3819 /* FasterStoryboardRouteUITests.xctest */,
			);
			name = Products;
			sourceTree = "<group>";
		};
		4839524C204C203C003A3819 /* FasterStoryboardRoute */ = {
			isa = PBXGroup;
			children = (
				48395284204C2195003A3819 /* FasterRoute */,
				4839524D204C203C003A3819 /* AppDelegate.h */,
				4839524E204C203C003A3819 /* AppDelegate.m */,
				48395250204C203C003A3819 /* ViewController.h */,
				48395251204C203C003A3819 /* ViewController.m */,
				4839527F204C20A7003A3819 /* HomeViewController.h */,
				48395280204C20A7003A3819 /* HomeViewController.m */,
				48395253204C203C003A3819 /* Main.storyboard */,
				48395256204C203C003A3819 /* Assets.xcassets */,
				48395258204C203C003A3819 /* LaunchScreen.storyboard */,
				4839525B204C203C003A3819 /* Info.plist */,
				4839525C204C203C003A3819 /* main.m */,
				4839528E204D90AB003A3819 /* MeViewController.h */,
				4839528F204D90AB003A3819 /* MeViewController.m */,
				0DE1D71A216CB7AA00C0F87A /* GJDetailViewController.h */,
				0DE1D71B216CB7AA00C0F87A /* GJDetailViewController.m */,
			);
			path = FasterStoryboardRoute;
			sourceTree = "<group>";
		};
		48395265204C203C003A3819 /* FasterStoryboardRouteTests */ = {
			isa = PBXGroup;
			children = (
				48395266204C203C003A3819 /* FasterStoryboardRouteTests.m */,
				48395268204C203C003A3819 /* Info.plist */,
			);
			path = FasterStoryboardRouteTests;
			sourceTree = "<group>";
		};
		48395270204C203C003A3819 /* FasterStoryboardRouteUITests */ = {
			isa = PBXGroup;
			children = (
				48395271204C203C003A3819 /* FasterStoryboardRouteUITests.m */,
				48395273204C203C003A3819 /* Info.plist */,
			);
			path = FasterStoryboardRouteUITests;
			sourceTree = "<group>";
		};
		48395284204C2195003A3819 /* FasterRoute */ = {
			isa = PBXGroup;
			children = (
				0DBC2AF421A8347F004FA9F8 /* errorImage.png */,
				48395282204C218C003A3819 /* FasterRouteURL.plist */,
				48F28DE7208C6B0C001428F2 /* NSDictionary+RouteCategory.h */,
				48F28DE8208C6B0C001428F2 /* NSDictionary+RouteCategory.m */,
				48395285204C244C003A3819 /* FastRoute.h */,
				48395286204C244C003A3819 /* FastRoute.m */,
				4839528B204C3E64003A3819 /* NSObject+ClassProperty.h */,
				4839528C204C3E64003A3819 /* NSObject+ClassProperty.m */,
				0DBC2AEF21A827CF004FA9F8 /* FastRouteErrorViewController.h */,
				0DBC2AF021A827CF004FA9F8 /* FastRouteErrorViewController.m */,
			);
			path = FasterRoute;
			sourceTree = "<group>";
		};
/* End PBXGroup section */

/* Begin PBXNativeTarget section */
		48395249204C203C003A3819 /* FasterStoryboardRoute */ = {
			isa = PBXNativeTarget;
			buildConfigurationList = 48395276204C203C003A3819 /* Build configuration list for PBXNativeTarget "FasterStoryboardRoute" */;
			buildPhases = (
				48395246204C203C003A3819 /* Sources */,
				48395247204C203C003A3819 /* Frameworks */,
				48395248204C203C003A3819 /* Resources */,
			);
			buildRules = (
			);
			dependencies = (
			);
			name = FasterStoryboardRoute;
			productName = FasterStoryboardRoute;
			productReference = 4839524A204C203C003A3819 /* FasterStoryboardRoute.app */;
			productType = "com.apple.product-type.application";
		};
		48395261204C203C003A3819 /* FasterStoryboardRouteTests */ = {
			isa = PBXNativeTarget;
			buildConfigurationList = 48395279204C203C003A3819 /* Build configuration list for PBXNativeTarget "FasterStoryboardRouteTests" */;
			buildPhases = (
				4839525E204C203C003A3819 /* Sources */,
				4839525F204C203C003A3819 /* Frameworks */,
				48395260204C203C003A3819 /* Resources */,
			);
			buildRules = (
			);
			dependencies = (
				48395264204C203C003A3819 /* PBXTargetDependency */,
			);
			name = FasterStoryboardRouteTests;
			productName = FasterStoryboardRouteTests;
			productReference = 48395262204C203C003A3819 /* FasterStoryboardRouteTests.xctest */;
			productType = "com.apple.product-type.bundle.unit-test";
		};
		4839526C204C203C003A3819 /* FasterStoryboardRouteUITests */ = {
			isa = PBXNativeTarget;
			buildConfigurationList = 4839527C204C203C003A3819 /* Build configuration list for PBXNativeTarget "FasterStoryboardRouteUITests" */;
			buildPhases = (
				48395269204C203C003A3819 /* Sources */,
				4839526A204C203C003A3819 /* Frameworks */,
				4839526B204C203C003A3819 /* Resources */,
			);
			buildRules = (
			);
			dependencies = (
				4839526F204C203C003A3819 /* PBXTargetDependency */,
			);
			name = FasterStoryboardRouteUITests;
			productName = FasterStoryboardRouteUITests;
			productReference = 4839526D204C203C003A3819 /* FasterStoryboardRouteUITests.xctest */;
			productType = "com.apple.product-type.bundle.ui-testing";
		};
/* End PBXNativeTarget section */

/* Begin PBXProject section */
		48395242204C203B003A3819 /* Project object */ = {
			isa = PBXProject;
			attributes = {
				LastUpgradeCheck = 0940;
				ORGANIZATIONNAME = Lengshengren;
				TargetAttributes = {
					48395249204C203C003A3819 = {
						CreatedOnToolsVersion = 9.2;
						ProvisioningStyle = Automatic;
					};
					48395261204C203C003A3819 = {
						CreatedOnToolsVersion = 9.2;
						ProvisioningStyle = Automatic;
						TestTargetID = 48395249204C203C003A3819;
					};
					4839526C204C203C003A3819 = {
						CreatedOnToolsVersion = 9.2;
						ProvisioningStyle = Automatic;
						TestTargetID = 48395249204C203C003A3819;
					};
				};
			};
			buildConfigurationList = 48395245204C203B003A3819 /* Build configuration list for PBXProject "FasterStoryboardRoute" */;
			compatibilityVersion = "Xcode 8.0";
			developmentRegion = en;
			hasScannedForEncodings = 0;
			knownRegions = (
				en,
				Base,
			);
			mainGroup = 48395241204C203B003A3819;
			productRefGroup = 4839524B204C203C003A3819 /* Products */;
			projectDirPath = "";
			projectRoot = "";
			targets = (
				48395249204C203C003A3819 /* FasterStoryboardRoute */,
				48395261204C203C003A3819 /* FasterStoryboardRouteTests */,
				4839526C204C203C003A3819 /* FasterStoryboardRouteUITests */,
			);
		};
/* End PBXProject section */

/* Begin PBXResourcesBuildPhase section */
		48395248204C203C003A3819 /* Resources */ = {
			isa = PBXResourcesBuildPhase;
			buildActionMask = 2147483647;
			files = (
				48395283204C218C003A3819 /* FasterRouteURL.plist in Resources */,
				0DBC2AF521A8347F004FA9F8 /* errorImage.png in Resources */,
				4839525A204C203C003A3819 /* LaunchScreen.storyboard in Resources */,
				48395257204C203C003A3819 /* Assets.xcassets in Resources */,
				48395255204C203C003A3819 /* Main.storyboard in Resources */,
			);
			runOnlyForDeploymentPostprocessing = 0;
		};
		48395260204C203C003A3819 /* Resources */ = {
			isa = PBXResourcesBuildPhase;
			buildActionMask = 2147483647;
			files = (
			);
			runOnlyForDeploymentPostprocessing = 0;
		};
		4839526B204C203C003A3819 /* Resources */ = {
			isa = PBXResourcesBuildPhase;
			buildActionMask = 2147483647;
			files = (
			);
			runOnlyForDeploymentPostprocessing = 0;
		};
/* End PBXResourcesBuildPhase section */

/* Begin PBXSourcesBuildPhase section */
		48395246204C203C003A3819 /* Sources */ = {
			isa = PBXSourcesBuildPhase;
			buildActionMask = 2147483647;
			files = (
				48395252204C203C003A3819 /* ViewController.m in Sources */,
				0DE1D71C216CB7AA00C0F87A /* GJDetailViewController.m in Sources */,
				4839525D204C203C003A3819 /* main.m in Sources */,
				0DBC2AF121A827CF004FA9F8 /* FastRouteErrorViewController.m in Sources */,
				48F28DE9208C6B0C001428F2 /* NSDictionary+RouteCategory.m in Sources */,
				48395287204C244C003A3819 /* FastRoute.m in Sources */,
				4839528D204C3E64003A3819 /* NSObject+ClassProperty.m in Sources */,
				4839524F204C203C003A3819 /* AppDelegate.m in Sources */,
				48395290204D90AB003A3819 /* MeViewController.m in Sources */,
				48395281204C20A7003A3819 /* HomeViewController.m in Sources */,
			);
			runOnlyForDeploymentPostprocessing = 0;
		};
		4839525E204C203C003A3819 /* Sources */ = {
			isa = PBXSourcesBuildPhase;
			buildActionMask = 2147483647;
			files = (
				48395267204C203C003A3819 /* FasterStoryboardRouteTests.m in Sources */,
			);
			runOnlyForDeploymentPostprocessing = 0;
		};
		48395269204C203C003A3819 /* Sources */ = {
			isa = PBXSourcesBuildPhase;
			buildActionMask = 2147483647;
			files = (
				48395272204C203C003A3819 /* FasterStoryboardRouteUITests.m in Sources */,
			);
			runOnlyForDeploymentPostprocessing = 0;
		};
/* End PBXSourcesBuildPhase section */

/* Begin PBXTargetDependency section */
		48395264204C203C003A3819 /* PBXTargetDependency */ = {
			isa = PBXTargetDependency;
			target = 48395249204C203C003A3819 /* FasterStoryboardRoute */;
			targetProxy = 48395263204C203C003A3819 /* PBXContainerItemProxy */;
		};
		4839526F204C203C003A3819 /* PBXTargetDependency */ = {
			isa = PBXTargetDependency;
			target = 48395249204C203C003A3819 /* FasterStoryboardRoute */;
			targetProxy = 4839526E204C203C003A3819 /* PBXContainerItemProxy */;
		};
/* End PBXTargetDependency section */

/* Begin PBXVariantGroup section */
		48395253204C203C003A3819 /* Main.storyboard */ = {
			isa = PBXVariantGroup;
			children = (
				48395254204C203C003A3819 /* Base */,
			);
			name = Main.storyboard;
			sourceTree = "<group>";
		};
		48395258204C203C003A3819 /* LaunchScreen.storyboard */ = {
			isa = PBXVariantGroup;
			children = (
				48395259204C203C003A3819 /* Base */,
			);
			name = LaunchScreen.storyboard;
			sourceTree = "<group>";
		};
/* End PBXVariantGroup section */

/* Begin XCBuildConfiguration section */
		48395274204C203C003A3819 /* Debug */ = {
			isa = XCBuildConfiguration;
			buildSettings = {
				ALWAYS_SEARCH_USER_PATHS = NO;
				CLANG_ANALYZER_NONNULL = YES;
				CLANG_ANALYZER_NUMBER_OBJECT_CONVERSION = YES_AGGRESSIVE;
				CLANG_CXX_LANGUAGE_STANDARD = "gnu++14";
				CLANG_CXX_LIBRARY = "libc++";
				CLANG_ENABLE_MODULES = YES;
				CLANG_ENABLE_OBJC_ARC = YES;
				CLANG_WARN_BLOCK_CAPTURE_AUTORELEASING = YES;
				CLANG_WARN_BOOL_CONVERSION = YES;
				CLANG_WARN_COMMA = YES;
				CLANG_WARN_CONSTANT_CONVERSION = YES;
				CLANG_WARN_DEPRECATED_OBJC_IMPLEMENTATIONS = YES;
				CLANG_WARN_DIRECT_OBJC_ISA_USAGE = YES_ERROR;
				CLANG_WARN_DOCUMENTATION_COMMENTS = YES;
				CLANG_WARN_EMPTY_BODY = YES;
				CLANG_WARN_ENUM_CONVERSION = YES;
				CLANG_WARN_INFINITE_RECURSION = YES;
				CLANG_WARN_INT_CONVERSION = YES;
				CLANG_WARN_NON_LITERAL_NULL_CONVERSION = YES;
				CLANG_WARN_OBJC_IMPLICIT_RETAIN_SELF = YES;
				CLANG_WARN_OBJC_LITERAL_CONVERSION = YES;
				CLANG_WARN_OBJC_ROOT_CLASS = YES_ERROR;
				CLANG_WARN_RANGE_LOOP_ANALYSIS = YES;
				CLANG_WARN_STRICT_PROTOTYPES = YES;
				CLANG_WARN_SUSPICIOUS_MOVE = YES;
				CLANG_WARN_UNGUARDED_AVAILABILITY = YES_AGGRESSIVE;
				CLANG_WARN_UNREACHABLE_CODE = YES;
				CLANG_WARN__DUPLICATE_METHOD_MATCH = YES;
				CODE_SIGN_IDENTITY = "iPhone Developer";
				COPY_PHASE_STRIP = NO;
				DEBUG_INFORMATION_FORMAT = dwarf;
				ENABLE_STRICT_OBJC_MSGSEND = YES;
				ENABLE_TESTABILITY = YES;
				GCC_C_LANGUAGE_STANDARD = gnu11;
				GCC_DYNAMIC_NO_PIC = NO;
				GCC_NO_COMMON_BLOCKS = YES;
				GCC_OPTIMIZATION_LEVEL = 0;
				GCC_PREPROCESSOR_DEFINITIONS = (
					"DEBUG=1",
					"$(inherited)",
				);
				GCC_WARN_64_TO_32_BIT_CONVERSION = YES;
				GCC_WARN_ABOUT_RETURN_TYPE = YES_ERROR;
				GCC_WARN_UNDECLARED_SELECTOR = YES;
				GCC_WARN_UNINITIALIZED_AUTOS = YES_AGGRESSIVE;
				GCC_WARN_UNUSED_FUNCTION = YES;
				GCC_WARN_UNUSED_VARIABLE = YES;
				IPHONEOS_DEPLOYMENT_TARGET = 11.2;
				MTL_ENABLE_DEBUG_INFO = YES;
				ONLY_ACTIVE_ARCH = YES;
				SDKROOT = iphoneos;
			};
			name = Debug;
		};
		48395275204C203C003A3819 /* Release */ = {
			isa = XCBuildConfiguration;
			buildSettings = {
				ALWAYS_SEARCH_USER_PATHS = NO;
				CLANG_ANALYZER_NONNULL = YES;
				CLANG_ANALYZER_NUMBER_OBJECT_CONVERSION = YES_AGGRESSIVE;
				CLANG_CXX_LANGUAGE_STANDARD = "gnu++14";
				CLANG_CXX_LIBRARY = "libc++";
				CLANG_ENABLE_MODULES = YES;
				CLANG_ENABLE_OBJC_ARC = YES;
				CLANG_WARN_BLOCK_CAPTURE_AUTORELEASING = YES;
				CLANG_WARN_BOOL_CONVERSION = YES;
				CLANG_WARN_COMMA = YES;
				CLANG_WARN_CONSTANT_CONVERSION = YES;
				CLANG_WARN_DEPRECATED_OBJC_IMPLEMENTATIONS = YES;
				CLANG_WARN_DIRECT_OBJC_ISA_USAGE = YES_ERROR;
				CLANG_WARN_DOCUMENTATION_COMMENTS = YES;
				CLANG_WARN_EMPTY_BODY = YES;
				CLANG_WARN_ENUM_CONVERSION = YES;
				CLANG_WARN_INFINITE_RECURSION = YES;
				CLANG_WARN_INT_CONVERSION = YES;
				CLANG_WARN_NON_LITERAL_NULL_CONVERSION = YES;
				CLANG_WARN_OBJC_IMPLICIT_RETAIN_SELF = YES;
				CLANG_WARN_OBJC_LITERAL_CONVERSION = YES;
				CLANG_WARN_OBJC_ROOT_CLASS = YES_ERROR;
				CLANG_WARN_RANGE_LOOP_ANALYSIS = YES;
				CLANG_WARN_STRICT_PROTOTYPES = YES;
				CLANG_WARN_SUSPICIOUS_MOVE = YES;
				CLANG_WARN_UNGUARDED_AVAILABILITY = YES_AGGRESSIVE;
				CLANG_WARN_UNREACHABLE_CODE = YES;
				CLANG_WARN__DUPLICATE_METHOD_MATCH = YES;
				CODE_SIGN_IDENTITY = "iPhone Developer";
				COPY_PHASE_STRIP = NO;
				DEBUG_INFORMATION_FORMAT = "dwarf-with-dsym";
				ENABLE_NS_ASSERTIONS = NO;
				ENABLE_STRICT_OBJC_MSGSEND = YES;
				GCC_C_LANGUAGE_STANDARD = gnu11;
				GCC_NO_COMMON_BLOCKS = YES;
				GCC_WARN_64_TO_32_BIT_CONVERSION = YES;
				GCC_WARN_ABOUT_RETURN_TYPE = YES_ERROR;
				GCC_WARN_UNDECLARED_SELECTOR = YES;
				GCC_WARN_UNINITIALIZED_AUTOS = YES_AGGRESSIVE;
				GCC_WARN_UNUSED_FUNCTION = YES;
				GCC_WARN_UNUSED_VARIABLE = YES;
				IPHONEOS_DEPLOYMENT_TARGET = 11.2;
				MTL_ENABLE_DEBUG_INFO = NO;
				SDKROOT = iphoneos;
				VALIDATE_PRODUCT = YES;
			};
			name = Release;
		};
		48395277204C203C003A3819 /* Debug */ = {
			isa = XCBuildConfiguration;
			buildSettings = {
				ASSETCATALOG_COMPILER_APPICON_NAME = AppIcon;
				CODE_SIGN_STYLE = Automatic;
				DEVELOPMENT_TEAM = 8J97E5T9HW;
				INFOPLIST_FILE = FasterStoryboardRoute/Info.plist;
				LD_RUNPATH_SEARCH_PATHS = "$(inherited) @executable_path/Frameworks";
				PRODUCT_BUNDLE_IDENTIFIER = Lengshengren.FasterStoryboardRoute;
				PRODUCT_NAME = "$(TARGET_NAME)";
				TARGETED_DEVICE_FAMILY = "1,2";
			};
			name = Debug;
		};
		48395278204C203C003A3819 /* Release */ = {
			isa = XCBuildConfiguration;
			buildSettings = {
				ASSETCATALOG_COMPILER_APPICON_NAME = AppIcon;
				CODE_SIGN_STYLE = Automatic;
				DEVELOPMENT_TEAM = 8J97E5T9HW;
				INFOPLIST_FILE = FasterStoryboardRoute/Info.plist;
				LD_RUNPATH_SEARCH_PATHS = "$(inherited) @executable_path/Frameworks";
				PRODUCT_BUNDLE_IDENTIFIER = Lengshengren.FasterStoryboardRoute;
				PRODUCT_NAME = "$(TARGET_NAME)";
				TARGETED_DEVICE_FAMILY = "1,2";
			};
			name = Release;
		};
		4839527A204C203C003A3819 /* Debug */ = {
			isa = XCBuildConfiguration;
			buildSettings = {
				BUNDLE_LOADER = "$(TEST_HOST)";
				CODE_SIGN_STYLE = Automatic;
				INFOPLIST_FILE = FasterStoryboardRouteTests/Info.plist;
				LD_RUNPATH_SEARCH_PATHS = "$(inherited) @executable_path/Frameworks @loader_path/Frameworks";
				PRODUCT_BUNDLE_IDENTIFIER = Lengshengren.FasterStoryboardRouteTests;
				PRODUCT_NAME = "$(TARGET_NAME)";
				TARGETED_DEVICE_FAMILY = "1,2";
				TEST_HOST = "$(BUILT_PRODUCTS_DIR)/FasterStoryboardRoute.app/FasterStoryboardRoute";
			};
			name = Debug;
		};
		4839527B204C203C003A3819 /* Release */ = {
			isa = XCBuildConfiguration;
			buildSettings = {
				BUNDLE_LOADER = "$(TEST_HOST)";
				CODE_SIGN_STYLE = Automatic;
				INFOPLIST_FILE = FasterStoryboardRouteTests/Info.plist;
				LD_RUNPATH_SEARCH_PATHS = "$(inherited) @executable_path/Frameworks @loader_path/Frameworks";
				PRODUCT_BUNDLE_IDENTIFIER = Lengshengren.FasterStoryboardRouteTests;
				PRODUCT_NAME = "$(TARGET_NAME)";
				TARGETED_DEVICE_FAMILY = "1,2";
				TEST_HOST = "$(BUILT_PRODUCTS_DIR)/FasterStoryboardRoute.app/FasterStoryboardRoute";
			};
			name = Release;
		};
		4839527D204C203C003A3819 /* Debug */ = {
			isa = XCBuildConfiguration;
			buildSettings = {
				CODE_SIGN_STYLE = Automatic;
				INFOPLIST_FILE = FasterStoryboardRouteUITests/Info.plist;
				LD_RUNPATH_SEARCH_PATHS = "$(inherited) @executable_path/Frameworks @loader_path/Frameworks";
				PRODUCT_BUNDLE_IDENTIFIER = Lengshengren.FasterStoryboardRouteUITests;
				PRODUCT_NAME = "$(TARGET_NAME)";
				TARGETED_DEVICE_FAMILY = "1,2";
				TEST_TARGET_NAME = FasterStoryboardRoute;
			};
			name = Debug;
		};
		4839527E204C203C003A3819 /* Release */ = {
			isa = XCBuildConfiguration;
			buildSettings = {
				CODE_SIGN_STYLE = Automatic;
				INFOPLIST_FILE = FasterStoryboardRouteUITests/Info.plist;
				LD_RUNPATH_SEARCH_PATHS = "$(inherited) @executable_path/Frameworks @loader_path/Frameworks";
				PRODUCT_BUNDLE_IDENTIFIER = Lengshengren.FasterStoryboardRouteUITests;
				PRODUCT_NAME = "$(TARGET_NAME)";
				TARGETED_DEVICE_FAMILY = "1,2";
				TEST_TARGET_NAME = FasterStoryboardRoute;
			};
			name = Release;
		};
/* End XCBuildConfiguration section */

/* Begin XCConfigurationList section */
		48395245204C203B003A3819 /* Build configuration list for PBXProject "FasterStoryboardRoute" */ = {
			isa = XCConfigurationList;
			buildConfigurations = (
				48395274204C203C003A3819 /* Debug */,
				48395275204C203C003A3819 /* Release */,
			);
			defaultConfigurationIsVisible = 0;
			defaultConfigurationName = Release;
		};
		48395276204C203C003A3819 /* Build configuration list for PBXNativeTarget "FasterStoryboardRoute" */ = {
			isa = XCConfigurationList;
			buildConfigurations = (
				48395277204C203C003A3819 /* Debug */,
				48395278204C203C003A3819 /* Release */,
			);
			defaultConfigurationIsVisible = 0;
			defaultConfigurationName = Release;
		};
		48395279204C203C003A3819 /* Build configuration list for PBXNativeTarget "FasterStoryboardRouteTests" */ = {
			isa = XCConfigurationList;
			buildConfigurations = (
				4839527A204C203C003A3819 /* Debug */,
				4839527B204C203C003A3819 /* Release */,
			);
			defaultConfigurationIsVisible = 0;
			defaultConfigurationName = Release;
		};
		4839527C204C203C003A3819 /* Build configuration list for PBXNativeTarget "FasterStoryboardRouteUITests" */ = {
			isa = XCConfigurationList;
			buildConfigurations = (
				4839527D204C203C003A3819 /* Debug */,
				4839527E204C203C003A3819 /* Release */,
			);
			defaultConfigurationIsVisible = 0;
			defaultConfigurationName = Release;
		};
/* End XCConfigurationList section */
	};
	rootObject = 48395242204C203B003A3819 /* Project object */;
}
